{
  "name": "caldera-admin-client",
  "version": "0.1.0",
  "lockfileVersion": 1,
  "requires": true,
  "dependencies": {
    "@babel/runtime": {
      "version": "7.0.0-beta.54",
      "resolved": "https://registry.npmjs.org/@babel/runtime/-/runtime-7.0.0-beta.54.tgz",
      "integrity": "sha1-Oeu0JyP+fKSz4bAOln6AE41Hyt8=",
      "requires": {
        "core-js": "2.5.7",
        "regenerator-runtime": "0.12.0"
      }
    },
    "@caldera-labs/state": {
      "version": "0.7.1",
      "resolved": "https://registry.npmjs.org/@caldera-labs/state/-/state-0.7.1.tgz",
      "integrity": "sha512-Pqb88AGoAeBDsT6IEEdGfcNjsSO4SbSmU1sjKpWElbfzBPGOf1WRri9lkRSYyRJ55vBwYEqUanhGnkNL65yNpQ=="
    },
    "@wordpress/a11y": {
      "version": "1.1.1",
      "resolved": "https://registry.npmjs.org/@wordpress/a11y/-/a11y-1.1.1.tgz",
      "integrity": "sha512-6xumxtxYp7IHuBPAti+3f9HstvEgjEntq7ji3KPPABNEzOCt4zXg2/sp6BcOYGXV0HSotISYRUBiTsKfIAL88Q==",
      "requires": {
        "@babel/runtime": "7.0.0-beta.54",
        "@wordpress/dom-ready": "1.1.1"
      }
    },
    "@wordpress/api-fetch": {
      "version": "1.0.1",
      "resolved": "https://registry.npmjs.org/@wordpress/api-fetch/-/api-fetch-1.0.1.tgz",
      "integrity": "sha512-kPExW7bJATzjR1zJTYAjsJdRwoapuxEUDTUiz9l++u8b4hODgM6JJpQHDAOULdRlCHkir7L4Sm3KJwwg4WsQ6g==",
      "requires": {
        "@babel/runtime": "7.0.0-beta.54",
        "@wordpress/i18n": "1.2.1",
        "jquery": "3.3.1"
      }
    },
    "@wordpress/components": {
      "version": "1.0.1",
      "resolved": "https://registry.npmjs.org/@wordpress/components/-/components-1.0.1.tgz",
      "integrity": "sha512-DE2tMNhifSddMqW255K1dSBMPmFmog7y5aPx2DLn3s76oqaXZO6549/UpR2FbPEOvONciMbaKEllfzTWp1S0dQ==",
      "requires": {
        "@babel/runtime": "7.0.0-beta.54",
        "@wordpress/a11y": "1.1.1",
        "@wordpress/api-fetch": "1.0.1",
        "@wordpress/compose": "1.0.1",
        "@wordpress/deprecated": "1.0.1",
        "@wordpress/dom": "1.0.1",
        "@wordpress/element": "1.0.1",
        "@wordpress/hooks": "1.3.1",
        "@wordpress/i18n": "1.2.1",
        "@wordpress/is-shallow-equal": "1.1.1",
        "@wordpress/keycodes": "1.0.1",
        "classnames": "2.2.6",
        "clipboard": "1.7.1",
        "dom-scroll-into-view": "1.2.1",
        "element-closest": "2.0.2",
        "http-build-query": "0.7.0",
        "lodash": "4.17.10",
        "memize": "1.0.5",
        "moment": "2.22.2",
        "mousetrap": "1.6.2",
        "react-click-outside": "2.3.1",
        "react-color": "2.14.1",
        "react-datepicker": "1.5.0",
        "rememo": "3.0.0",
        "uuid": "3.3.2"
      },
      "dependencies": {
        "classnames": {
          "version": "2.2.6",
          "resolved": "https://registry.npmjs.org/classnames/-/classnames-2.2.6.tgz",
          "integrity": "sha512-JR/iSQOSt+LQIWwrwEzJ9uk0xfN3mTVYMwt1Ir5mUcSN6pU+V4zQFFaJsclJbPuAUQH+yfWef6tm7l1quW3C8Q=="
        }
      }
    },
    "@wordpress/compose": {
      "version": "1.0.1",
      "resolved": "https://registry.npmjs.org/@wordpress/compose/-/compose-1.0.1.tgz",
      "integrity": "sha512-BvopgvFpWWZxCGPmX2jI7ESjhHU8A62pDnI0v+beDO70STmnTrfLfLWA+dfxxTxHLKk666HC6NUUr4AanDEIZA==",
      "requires": {
        "@babel/runtime": "7.0.0-beta.54",
        "@wordpress/element": "1.0.1",
        "@wordpress/is-shallow-equal": "1.1.1",
        "lodash": "4.17.10"
      }
    },
    "@wordpress/deprecated": {
      "version": "1.0.1",
      "resolved": "https://registry.npmjs.org/@wordpress/deprecated/-/deprecated-1.0.1.tgz",
      "integrity": "sha512-o99RsKIteL2lJAXoM7su7SLstTjhnNBszuaRMnii4pdAORN6Li4zYNNvbJABIctCVGgW2jPJE9IYNToxIsG/EQ==",
      "requires": {
        "@babel/runtime": "7.0.0-beta.54"
      }
    },
    "@wordpress/dom": {
      "version": "1.0.1",
      "resolved": "https://registry.npmjs.org/@wordpress/dom/-/dom-1.0.1.tgz",
      "integrity": "sha512-nkw2+Zg+dhqGLxty4Iqv3Hbi4oeB9G1xnJH6le2ZJoTmSPbV9iJ15d5ZdUB3VjsT1LJFGqhyqe+Foh4/XqYubQ==",
      "requires": {
        "@babel/runtime": "7.0.0-beta.54",
        "element-closest": "2.0.2",
        "lodash": "4.17.10",
        "tinymce": "4.8.1"
      }
    },
    "@wordpress/dom-ready": {
      "version": "1.1.1",
      "resolved": "https://registry.npmjs.org/@wordpress/dom-ready/-/dom-ready-1.1.1.tgz",
      "integrity": "sha512-uW3J7qk0UJfJVLS8vHR2pp8Cjrp7R3X06oQFdkkEmowXxINz4b3h4yr4JYfUO6/B254vkq7lRFcEI6g1lPOyug==",
      "requires": {
        "@babel/runtime": "7.0.0-beta.54"
      }
    },
    "@wordpress/element": {
      "version": "1.0.1",
      "resolved": "https://registry.npmjs.org/@wordpress/element/-/element-1.0.1.tgz",
      "integrity": "sha512-KbIS/IB1+iSE4+pTzCxcRLOqo6I6VfolBmb0HdgT+dNYqcQL0HGNnbKR5sSU1VhGP8SmXFUab0D+xY5Zr5aZug==",
      "requires": {
        "@babel/runtime": "7.0.0-beta.54",
        "@wordpress/deprecated": "1.0.1",
        "@wordpress/is-shallow-equal": "1.1.1",
        "lodash": "4.17.10",
        "react": "16.4.1",
        "react-dom": "16.4.1"
      },
      "dependencies": {
        "prop-types": {
          "version": "15.6.2",
          "resolved": "https://registry.npmjs.org/prop-types/-/prop-types-15.6.2.tgz",
          "integrity": "sha512-3pboPvLiWD7dkI3qf3KbUe6hKFKa52w+AE0VCqECtf+QHAKgOL37tTaNCnuX1nAAQ4ZhyP+kYVKf8rLmJ/feDQ==",
          "requires": {
            "loose-envify": "1.4.0",
            "object-assign": "4.1.1"
          }
        },
        "react": {
          "version": "16.4.1",
          "resolved": "https://registry.npmjs.org/react/-/react-16.4.1.tgz",
          "integrity": "sha512-3GEs0giKp6E0Oh/Y9ZC60CmYgUPnp7voH9fbjWsvXtYFb4EWtgQub0ADSq0sJR0BbHc4FThLLtzlcFaFXIorwg==",
          "requires": {
            "fbjs": "0.8.17",
            "loose-envify": "1.4.0",
            "object-assign": "4.1.1",
            "prop-types": "15.6.2"
          }
        },
        "react-dom": {
          "version": "16.4.1",
          "resolved": "https://registry.npmjs.org/react-dom/-/react-dom-16.4.1.tgz",
          "integrity": "sha512-1Gin+wghF/7gl4Cqcvr1DxFX2Osz7ugxSwl6gBqCMpdrxHjIFUS7GYxrFftZ9Ln44FHw0JxCFD9YtZsrbR5/4A==",
          "requires": {
            "fbjs": "0.8.17",
            "loose-envify": "1.4.0",
            "object-assign": "4.1.1",
            "prop-types": "15.6.2"
          }
        }
      }
    },
    "@wordpress/hooks": {
      "version": "1.3.1",
      "resolved": "https://registry.npmjs.org/@wordpress/hooks/-/hooks-1.3.1.tgz",
      "integrity": "sha512-8sX7yOnDoZwOxP+URgGbt9JcEuRs/3RmPwNtnYQbdI2r1b3oMV8udWIVGorqa+pESGUU7e/Bipvn4ws/lP2HZw==",
      "requires": {
        "@babel/runtime": "7.0.0-beta.54"
      }
    },
    "@wordpress/i18n": {
      "version": "1.2.1",
      "resolved": "https://registry.npmjs.org/@wordpress/i18n/-/i18n-1.2.1.tgz",
      "integrity": "sha512-o5H3jxO9vWPIcSyJEFoRF1tnUg1qiw52IlV4PCwh5G4DgrDodCPbcvwCT7piXWUJOhd+h0RK5TPFZatTY6jSEQ==",
      "requires": {
        "@babel/runtime": "7.0.0-beta.54",
        "gettext-parser": "1.4.0",
        "jed": "1.1.1",
        "lodash": "4.17.10",
        "memize": "1.0.5"
      }
    },
    "@wordpress/is-shallow-equal": {
      "version": "1.1.1",
      "resolved": "https://registry.npmjs.org/@wordpress/is-shallow-equal/-/is-shallow-equal-1.1.1.tgz",
      "integrity": "sha512-t5zQ4/uDvk+6YbiqhRZtjuZnpdu/mKUryTChn/nM292lEvSSpqPGrfnDIL11htK0U3Oug9OgwXAOER5zd+xRGQ==",
      "requires": {
        "@babel/runtime": "7.0.0-beta.54"
      }
    },
    "@wordpress/keycodes": {
      "version": "1.0.1",
      "resolved": "https://registry.npmjs.org/@wordpress/keycodes/-/keycodes-1.0.1.tgz",
      "integrity": "sha512-Rn9TjdLRo5bQlTlra1GHjs0hZQHzSBgkO11N/e7bBHuW6gZrAvXaTyr72IVM3IcazPUwqfoy8LzvzwG4eCjKmQ==",
      "requires": {
        "@babel/runtime": "7.0.0-beta.54",
        "lodash": "4.17.10"
      }
    },
    "asap": {
      "version": "2.0.6",
      "resolved": "https://registry.npmjs.org/asap/-/asap-2.0.6.tgz",
      "integrity": "sha1-5QNHYR1+aQlDIIu9r+vLwvuGbUY="
    },
    "balanced-match": {
      "version": "1.0.0",
      "resolved": "https://registry.npmjs.org/balanced-match/-/balanced-match-1.0.0.tgz",
      "integrity": "sha1-ibTRmasr7kneFk6gK4nORi1xt2c="
    },
    "brace-expansion": {
      "version": "1.1.11",
      "resolved": "https://registry.npmjs.org/brace-expansion/-/brace-expansion-1.1.11.tgz",
      "integrity": "sha512-iCuPHDFgrHX7H2vEI/5xpz07zSHB00TpugqhmYtVmMO6518mCuRMoOYFldEBl0g187ufozdaHgWKcYFb61qGiA==",
      "requires": {
        "balanced-match": "1.0.0",
        "concat-map": "0.0.1"
      }
    },
    "clipboard": {
      "version": "1.7.1",
      "resolved": "https://registry.npmjs.org/clipboard/-/clipboard-1.7.1.tgz",
      "integrity": "sha1-Ng1taUbpmnof7zleQrqStem1oWs=",
      "requires": {
        "good-listener": "1.2.2",
        "select": "1.1.2",
        "tiny-emitter": "2.0.2"
      }
    },
    "commander": {
      "version": "2.16.0",
      "resolved": "https://registry.npmjs.org/commander/-/commander-2.16.0.tgz",
      "integrity": "sha512-sVXqklSaotK9at437sFlFpyOcJonxe0yST/AG9DkQKUdIE6IqGIMv4SfAQSKaJbSdVEJYItASCrBiVQHq1HQew=="
    },
    "concat-map": {
      "version": "0.0.1",
      "resolved": "https://registry.npmjs.org/concat-map/-/concat-map-0.0.1.tgz",
      "integrity": "sha1-2Klr13/Wjfd5OnMDajug1UBdR3s="
    },
    "core-js": {
      "version": "2.5.7",
      "resolved": "https://registry.npmjs.org/core-js/-/core-js-2.5.7.tgz",
      "integrity": "sha512-RszJCAxg/PP6uzXVXL6BsxSXx/B05oJAQ2vkJRjyjrEcNVycaqOmNb5OTxZPE3xa5gwZduqza6L9JOCenh/Ecw=="
    },
    "deepmerge": {
      "version": "2.1.1",
      "resolved": "https://registry.npmjs.org/deepmerge/-/deepmerge-2.1.1.tgz",
      "integrity": "sha512-urQxA1smbLZ2cBbXbaYObM1dJ82aJ2H57A1C/Kklfh/ZN1bgH4G/n5KWhdNfOK11W98gqZfyYj7W4frJJRwA2w=="
    },
    "delegate": {
      "version": "3.2.0",
      "resolved": "https://registry.npmjs.org/delegate/-/delegate-3.2.0.tgz",
      "integrity": "sha512-IofjkYBZaZivn0V8nnsMJGBr4jVLxHDheKSW88PyxS5QC4Vo9ZbZVvhzlSxY87fVq3STR6r+4cGepyHkcWOQSw=="
    },
    "dom-scroll-into-view": {
      "version": "1.2.1",
      "resolved": "https://registry.npmjs.org/dom-scroll-into-view/-/dom-scroll-into-view-1.2.1.tgz",
      "integrity": "sha1-6PNnMt0ImwIBqI14Fdw/iObWbH4="
    },
    "dot-object": {
      "version": "1.7.0",
      "resolved": "https://registry.npmjs.org/dot-object/-/dot-object-1.7.0.tgz",
      "integrity": "sha512-X91KaxzQmhQvfokXCdM8EkJVDHe5HlffhT4eaS6CsLk8Nhs9ChA6KWmrt8kgCz5rmLKzoOEP2tmRK/kBvomFwg==",
      "requires": {
        "commander": "2.16.0",
        "glob": "7.1.2"
      }
    },
    "element-closest": {
      "version": "2.0.2",
      "resolved": "https://registry.npmjs.org/element-closest/-/element-closest-2.0.2.tgz",
      "integrity": "sha1-cqdAoQdFM4LijfnOXbtajfD5Zuw="
    },
    "encoding": {
      "version": "0.1.12",
      "resolved": "https://registry.npmjs.org/encoding/-/encoding-0.1.12.tgz",
      "integrity": "sha1-U4tm8+5izRq1HsMjgp0flIDHS+s=",
      "requires": {
        "iconv-lite": "0.4.23"
      }
    },
    "fbjs": {
      "version": "0.8.17",
      "resolved": "https://registry.npmjs.org/fbjs/-/fbjs-0.8.17.tgz",
      "integrity": "sha1-xNWY6taUkRJlPWWIsBpc3Nn5D90=",
      "requires": {
        "core-js": "1.2.7",
        "isomorphic-fetch": "2.2.1",
        "loose-envify": "1.4.0",
        "object-assign": "4.1.1",
        "promise": "7.3.1",
        "setimmediate": "1.0.5",
        "ua-parser-js": "0.7.18"
      },
      "dependencies": {
        "core-js": {
          "version": "1.2.7",
          "resolved": "https://registry.npmjs.org/core-js/-/core-js-1.2.7.tgz",
          "integrity": "sha1-ZSKUwUZR2yj6k70tX/KYOk8IxjY="
        }
      }
    },
    "fs.realpath": {
      "version": "1.0.0",
      "resolved": "https://registry.npmjs.org/fs.realpath/-/fs.realpath-1.0.0.tgz",
      "integrity": "sha1-FQStJSMVjKpA20onh8sBQRmU6k8="
    },
    "gettext-parser": {
      "version": "1.4.0",
      "resolved": "https://registry.npmjs.org/gettext-parser/-/gettext-parser-1.4.0.tgz",
      "integrity": "sha512-sedZYLHlHeBop/gZ1jdg59hlUEcpcZJofLq2JFwJT1zTqAU3l2wFv6IsuwFHGqbiT9DWzMUW4/em2+hspnmMMA==",
      "requires": {
        "encoding": "0.1.12",
        "safe-buffer": "5.1.2"
      }
    },
    "glob": {
      "version": "7.1.2",
      "resolved": "https://registry.npmjs.org/glob/-/glob-7.1.2.tgz",
      "integrity": "sha512-MJTUg1kjuLeQCJ+ccE4Vpa6kKVXkPYJ2mOCQyUuKLcLQsdrMCpBPUi8qVE6+YuaJkozeA9NusTAw3hLr8Xe5EQ==",
      "requires": {
        "fs.realpath": "1.0.0",
        "inflight": "1.0.6",
        "inherits": "2.0.3",
        "minimatch": "3.0.4",
        "once": "1.4.0",
        "path-is-absolute": "1.0.1"
      }
    },
    "good-listener": {
      "version": "1.2.2",
      "resolved": "https://registry.npmjs.org/good-listener/-/good-listener-1.2.2.tgz",
      "integrity": "sha1-1TswzfkxPf+33JoNR3CWqm0UXFA=",
      "requires": {
        "delegate": "3.2.0"
      }
    },
    "hoist-non-react-statics": {
      "version": "1.2.0",
      "resolved": "https://registry.npmjs.org/hoist-non-react-statics/-/hoist-non-react-statics-1.2.0.tgz",
      "integrity": "sha1-qkSM8JhtVcxAdzsXF0t90GbLfPs="
    },
    "http-build-query": {
      "version": "0.7.0",
      "resolved": "https://registry.npmjs.org/http-build-query/-/http-build-query-0.7.0.tgz",
      "integrity": "sha512-r5jnQ/PcKzFg2dLJAj9xU8cBHuLubxLli6NiFtziNrDqVwPcjIgioamZszzGOPJq6ekUu+WfIcgsuPqe9MX4Ag=="
    },
    "iconv-lite": {
      "version": "0.4.23",
      "resolved": "https://registry.npmjs.org/iconv-lite/-/iconv-lite-0.4.23.tgz",
      "integrity": "sha512-neyTUVFtahjf0mB3dZT77u+8O0QB89jFdnBkd5P1JgYPbPaia3gXXOVL2fq8VyU2gMMD7SaN7QukTB/pmXYvDA==",
      "requires": {
        "safer-buffer": "2.1.2"
      }
    },
    "inflight": {
      "version": "1.0.6",
      "resolved": "https://registry.npmjs.org/inflight/-/inflight-1.0.6.tgz",
      "integrity": "sha1-Sb1jMdfQLQwJvJEKEHW6gWW1bfk=",
      "requires": {
        "once": "1.4.0",
        "wrappy": "1.0.2"
      }
    },
    "inherits": {
      "version": "2.0.3",
      "resolved": "https://registry.npmjs.org/inherits/-/inherits-2.0.3.tgz",
      "integrity": "sha1-Yzwsg+PaQqUC9SRmAiSA9CCCYd4="
    },
    "is-stream": {
      "version": "1.1.0",
      "resolved": "https://registry.npmjs.org/is-stream/-/is-stream-1.1.0.tgz",
      "integrity": "sha1-EtSj3U5o4Lec6428hBc66A2RykQ="
    },
    "isomorphic-fetch": {
      "version": "2.2.1",
      "resolved": "https://registry.npmjs.org/isomorphic-fetch/-/isomorphic-fetch-2.2.1.tgz",
      "integrity": "sha1-YRrhrPFPXoH3KVB0coGf6XM1WKk=",
      "requires": {
        "node-fetch": "1.7.3",
        "whatwg-fetch": "2.0.4"
      }
    },
    "jed": {
      "version": "1.1.1",
      "resolved": "https://registry.npmjs.org/jed/-/jed-1.1.1.tgz",
      "integrity": "sha1-elSbvZ/+FYWwzQoZHiAwVb7ldLQ="
    },
    "jquery": {
      "version": "3.3.1",
      "resolved": "https://registry.npmjs.org/jquery/-/jquery-3.3.1.tgz",
      "integrity": "sha512-Ubldcmxp5np52/ENotGxlLe6aGMvmF4R8S6tZjsP6Knsaxd/xp3Zrh50cG93lR6nPXyUFwzN3ZSOQI0wRJNdGg=="
    },
    "js-tokens": {
      "version": "4.0.0",
      "resolved": "https://registry.npmjs.org/js-tokens/-/js-tokens-4.0.0.tgz",
      "integrity": "sha512-RdJUflcE3cUzKiMqQgsCu06FPu9UdIJO0beYbPhHN4k6apgJtifcoCtT9bcxOpYBtpD2kCM6Sbzg4CausW/PKQ=="
    },
    "lodash": {
      "version": "4.17.10",
      "resolved": "https://registry.npmjs.org/lodash/-/lodash-4.17.10.tgz",
      "integrity": "sha512-UejweD1pDoXu+AD825lWwp4ZGtSwgnpZxb3JDViD7StjQz+Nb/6l093lx4OQ0foGWNRoc19mWy7BzL+UAK2iVg=="
    },
    "loose-envify": {
      "version": "1.4.0",
      "resolved": "https://registry.npmjs.org/loose-envify/-/loose-envify-1.4.0.tgz",
      "integrity": "sha512-lyuxPGr/Wfhrlem2CL/UcnUc1zcqKAImBDzukY7Y5F/yQiNdko6+fRLevlw1HgMySw7f611UIY408EtxRSoK3Q==",
      "requires": {
        "js-tokens": "4.0.0"
      }
    },
    "material-colors": {
      "version": "1.2.6",
      "resolved": "https://registry.npmjs.org/material-colors/-/material-colors-1.2.6.tgz",
      "integrity": "sha512-6qE4B9deFBIa9YSpOc9O0Sgc43zTeVYbgDT5veRKSlB2+ZuHNoVVxA1L/ckMUayV9Ay9y7Z/SZCLcGteW9i7bg=="
    },
    "memize": {
      "version": "1.0.5",
      "resolved": "https://registry.npmjs.org/memize/-/memize-1.0.5.tgz",
      "integrity": "sha512-Dm8Jhb5kiC4+ynYsVR4QDXKt+o2dfqGuY4hE2x+XlXZkdndlT80bJxfcMv5QGp/FCy6MhG7f5ElpmKPFKOSEpg=="
    },
    "minimatch": {
      "version": "3.0.4",
      "resolved": "https://registry.npmjs.org/minimatch/-/minimatch-3.0.4.tgz",
      "integrity": "sha512-yJHVQEhyqPLUTgt9B83PXu6W3rx4MvvHvSUvToogpwoGDOUQ+yDrR0HRot+yOCdCO7u4hX3pWft6kWBBcqh0UA==",
      "requires": {
        "brace-expansion": "1.1.11"
      }
    },
    "moment": {
      "version": "2.22.2",
      "resolved": "https://registry.npmjs.org/moment/-/moment-2.22.2.tgz",
      "integrity": "sha1-PCV/mDn8DpP/UxSWMiOeuQeD/2Y="
    },
    "mousetrap": {
      "version": "1.6.2",
      "resolved": "https://registry.npmjs.org/mousetrap/-/mousetrap-1.6.2.tgz",
      "integrity": "sha512-jDjhi7wlHwdO6q6DS7YRmSHcuI+RVxadBkLt3KHrhd3C2b+w5pKefg3oj5beTcHZyVFA9Aksf+yEE1y5jxUjVA=="
    },
    "node-fetch": {
      "version": "1.7.3",
      "resolved": "https://registry.npmjs.org/node-fetch/-/node-fetch-1.7.3.tgz",
      "integrity": "sha512-NhZ4CsKx7cYm2vSrBAr2PvFOe6sWDf0UYLRqA6svUYg7+/TSfVAu49jYC4BvQ4Sms9SZgdqGBgroqfDhJdTyKQ==",
      "requires": {
        "encoding": "0.1.12",
        "is-stream": "1.1.0"
      }
    },
    "object-assign": {
      "version": "4.1.1",
      "resolved": "https://registry.npmjs.org/object-assign/-/object-assign-4.1.1.tgz",
      "integrity": "sha1-IQmtx5ZYh8/AXLvUQsrIv7s2CGM="
    },
    "once": {
      "version": "1.4.0",
      "resolved": "https://registry.npmjs.org/once/-/once-1.4.0.tgz",
      "integrity": "sha1-WDsap3WWHUsROsF9nFC6753Xa9E=",
      "requires": {
        "wrappy": "1.0.2"
      }
    },
    "path-is-absolute": {
      "version": "1.0.1",
      "resolved": "https://registry.npmjs.org/path-is-absolute/-/path-is-absolute-1.0.1.tgz",
      "integrity": "sha1-F0uSaHNVNP+8es5r9TpanhtcX18="
    },
    "popper.js": {
      "version": "1.14.3",
      "resolved": "https://registry.npmjs.org/popper.js/-/popper.js-1.14.3.tgz",
      "integrity": "sha1-FDj5jQRqz3tNeM1QK/QYrGTU8JU="
    },
    "promise": {
      "version": "7.3.1",
      "resolved": "https://registry.npmjs.org/promise/-/promise-7.3.1.tgz",
      "integrity": "sha512-nolQXZ/4L+bP/UGlkfaIujX9BKxGwmQ9OT4mOt5yvy8iK1h3wqTEJCijzGANTCCl9nWjY41juyAn2K3Q1hLLTg==",
      "requires": {
        "asap": "2.0.6"
      }
    },
    "prop-types": {
      "version": "15.6.2",
      "resolved": "https://registry.npmjs.org/prop-types/-/prop-types-15.6.2.tgz",
      "integrity": "sha512-3pboPvLiWD7dkI3qf3KbUe6hKFKa52w+AE0VCqECtf+QHAKgOL37tTaNCnuX1nAAQ4ZhyP+kYVKf8rLmJ/feDQ==",
      "requires": {
        "loose-envify": "1.4.0",
        "object-assign": "4.1.1"
      }
    },
    "react-click-outside": {
      "version": "2.3.1",
      "resolved": "https://registry.npmjs.org/react-click-outside/-/react-click-outside-2.3.1.tgz",
      "integrity": "sha1-MYc3698IGko7zUaCVmNnTL6YNus=",
      "requires": {
        "hoist-non-react-statics": "1.2.0"
      }
    },
    "react-color": {
      "version": "2.14.1",
      "resolved": "https://registry.npmjs.org/react-color/-/react-color-2.14.1.tgz",
      "integrity": "sha512-ssv2ArSZdhTbIs29hyfw8JW+s3G4BCx/ILkwCajWZzrcx/2ZQfRpsaLVt38LAPbxe50LLszlmGtRerA14JzzRw==",
      "requires": {
        "lodash": "4.17.10",
        "material-colors": "1.2.6",
        "prop-types": "15.6.2",
        "reactcss": "1.2.3",
        "tinycolor2": "1.4.1"
      },
      "dependencies": {
        "prop-types": {
          "version": "15.6.2",
          "resolved": "https://registry.npmjs.org/prop-types/-/prop-types-15.6.2.tgz",
          "integrity": "sha512-3pboPvLiWD7dkI3qf3KbUe6hKFKa52w+AE0VCqECtf+QHAKgOL37tTaNCnuX1nAAQ4ZhyP+kYVKf8rLmJ/feDQ==",
          "requires": {
            "loose-envify": "1.4.0",
            "object-assign": "4.1.1"
          }
        }
      }
    },
    "react-datepicker": {
      "version": "1.5.0",
      "resolved": "https://registry.npmjs.org/react-datepicker/-/react-datepicker-1.5.0.tgz",
      "integrity": "sha512-Neh1rz0d1QeR7KuoTiYeR6oj73DJkqt0vuNSgfMuxXEwGmz/4sPynouYGo6gdKiQbxIXBJJ/FLDLHJEr5XNThw==",
      "requires": {
        "classnames": "2.2.6",
        "prop-types": "15.6.2",
        "react-onclickoutside": "6.7.1",
        "react-popper": "0.9.5"
      },
      "dependencies": {
        "classnames": {
          "version": "2.2.6",
          "resolved": "https://registry.npmjs.org/classnames/-/classnames-2.2.6.tgz",
          "integrity": "sha512-JR/iSQOSt+LQIWwrwEzJ9uk0xfN3mTVYMwt1Ir5mUcSN6pU+V4zQFFaJsclJbPuAUQH+yfWef6tm7l1quW3C8Q=="
        },
        "prop-types": {
          "version": "15.6.2",
          "resolved": "https://registry.npmjs.org/prop-types/-/prop-types-15.6.2.tgz",
          "integrity": "sha512-3pboPvLiWD7dkI3qf3KbUe6hKFKa52w+AE0VCqECtf+QHAKgOL37tTaNCnuX1nAAQ4ZhyP+kYVKf8rLmJ/feDQ==",
          "requires": {
            "loose-envify": "1.4.0",
            "object-assign": "4.1.1"
          }
        }
      }
    },
    "react-dom": {
      "version": "16.4.1",
      "resolved": "https://registry.npmjs.org/react-dom/-/react-dom-16.4.1.tgz",
      "integrity": "sha512-1Gin+wghF/7gl4Cqcvr1DxFX2Osz7ugxSwl6gBqCMpdrxHjIFUS7GYxrFftZ9Ln44FHw0JxCFD9YtZsrbR5/4A==",
      "requires": {
        "fbjs": "0.8.17",
        "loose-envify": "1.4.0",
        "object-assign": "4.1.1",
        "prop-types": "15.6.2"
      }
    },
    "react-onclickoutside": {
      "version": "6.7.1",
      "resolved": "https://registry.npmjs.org/react-onclickoutside/-/react-onclickoutside-6.7.1.tgz",
      "integrity": "sha512-p84kBqGaMoa7VYT0vZ/aOYRfJB+gw34yjpda1Z5KeLflg70HipZOT+MXQenEhdkPAABuE2Astq4zEPdMqUQxcg=="
    },
    "react-popper": {
      "version": "0.9.5",
      "resolved": "https://registry.npmjs.org/react-popper/-/react-popper-0.9.5.tgz",
      "integrity": "sha1-AqJO8+7DOvnlToNYq3DrDjMe3QU=",
      "requires": {
        "popper.js": "1.14.3",
        "prop-types": "15.6.2"
      },
      "dependencies": {
        "prop-types": {
          "version": "15.6.2",
          "resolved": "https://registry.npmjs.org/prop-types/-/prop-types-15.6.2.tgz",
          "integrity": "sha512-3pboPvLiWD7dkI3qf3KbUe6hKFKa52w+AE0VCqECtf+QHAKgOL37tTaNCnuX1nAAQ4ZhyP+kYVKf8rLmJ/feDQ==",
          "requires": {
            "loose-envify": "1.4.0",
            "object-assign": "4.1.1"
          }
        }
      }
    },
    "reactcss": {
      "version": "1.2.3",
      "resolved": "https://registry.npmjs.org/reactcss/-/reactcss-1.2.3.tgz",
      "integrity": "sha512-KiwVUcFu1RErkI97ywr8nvx8dNOpT03rbnma0SSalTYjkrPYaEajR4a/MRt6DZ46K6arDRbWMNHF+xH7G7n/8A==",
      "requires": {
        "lodash": "4.17.10"
      }
    },
    "regenerator-runtime": {
      "version": "0.12.0",
      "resolved": "https://registry.npmjs.org/regenerator-runtime/-/regenerator-runtime-0.12.0.tgz",
      "integrity": "sha512-SpV2LhF5Dm9UYMEprB3WwsBnWwqTrmjrm2UZb42cl2G02WVGgx7Mg8aa9pdLEKp6hZ+/abcMc2NxKA8f02EG2w=="
    },
    "rememo": {
      "version": "3.0.0",
      "resolved": "https://registry.npmjs.org/rememo/-/rememo-3.0.0.tgz",
      "integrity": "sha512-eWtut/7pqMRnSccbexb647iPjN7ir6Tmf4RG92ZVlykFEkHqGYy9tWnpHH3I+FS+WQ6lQ1i1iDgarYzGKgTcRQ=="
    },
    "safe-buffer": {
      "version": "5.1.2",
      "resolved": "https://registry.npmjs.org/safe-buffer/-/safe-buffer-5.1.2.tgz",
      "integrity": "sha512-Gd2UZBJDkXlY7GbJxfsE8/nvKkUEU1G38c1siN6QP6a9PT9MmHB8GnpscSmMJSoF8LOIrt8ud/wPtojys4G6+g=="
    },
    "safer-buffer": {
      "version": "2.1.2",
      "resolved": "https://registry.npmjs.org/safer-buffer/-/safer-buffer-2.1.2.tgz",
      "integrity": "sha512-YZo3K82SD7Riyi0E1EQPojLz7kpepnSQI9IyPbHHg1XXXevb5dJI7tpyN2ADxGcQbHG7vcyRHk0cbwqcQriUtg=="
    },
    "select": {
      "version": "1.1.2",
      "resolved": "https://registry.npmjs.org/select/-/select-1.1.2.tgz",
      "integrity": "sha1-DnNQrN7ICxEIUoeG7B1EGNEbOW0="
    },
    "setimmediate": {
      "version": "1.0.5",
      "resolved": "https://registry.npmjs.org/setimmediate/-/setimmediate-1.0.5.tgz",
      "integrity": "sha1-KQy7Iy4waULX1+qbg3Mqt4VvgoU="
    },
    "tiny-emitter": {
      "version": "2.0.2",
      "resolved": "https://registry.npmjs.org/tiny-emitter/-/tiny-emitter-2.0.2.tgz",
      "integrity": "sha512-2NM0auVBGft5tee/OxP4PI3d8WItkDM+fPnaRAVo6xTDI2knbz9eC5ArWGqtGlYqiH3RU5yMpdyTTO7MguC4ow=="
    },
    "tinycolor2": {
      "version": "1.4.1",
      "resolved": "https://registry.npmjs.org/tinycolor2/-/tinycolor2-1.4.1.tgz",
      "integrity": "sha1-9PrTM0R7wLB9TcjpIJ2POaisd+g="
    },
    "tinymce": {
      "version": "4.8.1",
      "resolved": "https://registry.npmjs.org/tinymce/-/tinymce-4.8.1.tgz",
      "integrity": "sha512-ZSXfVXDkTSPcvvOENFL+NCK/oHdDL5JsgiBP4ljEnED5eHoI7Mbi2sX+CjGFix38dRNKI/CXN0pUCoIHCyUmlQ=="
    },
    "ua-parser-js": {
      "version": "0.7.18",
      "resolved": "https://registry.npmjs.org/ua-parser-js/-/ua-parser-js-0.7.18.tgz",
      "integrity": "sha512-LtzwHlVHwFGTptfNSgezHp7WUlwiqb0gA9AALRbKaERfxwJoiX0A73QbTToxteIAuIaFshhgIZfqK8s7clqgnA=="
    },
    "uuid": {
      "version": "3.3.2",
      "resolved": "https://registry.npmjs.org/uuid/-/uuid-3.3.2.tgz",
      "integrity": "sha512-yXJmeNaw3DnnKAOKJE51sL/ZaYfWJRl1pK9dr19YFCu0ObS231AB1/LbqTKRAQ5kw8A90rA6fr4riOUpTZvQZA=="
    },
    "whatwg-fetch": {
      "version": "2.0.4",
      "resolved": "https://registry.npmjs.org/whatwg-fetch/-/whatwg-fetch-2.0.4.tgz",
      "integrity": "sha512-dcQ1GWpOD/eEQ97k66aiEVpNnapVj90/+R+SXTPYGHpYBBypfKJEQjLrvMZ7YXbKm21gXd4NcuxUTjiv1YtLng=="
    },
    "wrappy": {
      "version": "1.0.2",
      "resolved": "https://registry.npmjs.org/wrappy/-/wrappy-1.0.2.tgz",
      "integrity": "sha1-tSQ9jz7BqjXxNkYFvA0QNuMKtp8="
    }
  }
}
