{
  "name": "caldera-admin-client",
  "version": "0.1.0",
  "lockfileVersion": 1,
  "requires": true,
  "dependencies": {
    "@caldera-labs/state": {
      "version": "0.7.1",
      "resolved": "https://registry.npmjs.org/@caldera-labs/state/-/state-0.7.1.tgz",
      "integrity": "sha512-Pqb88AGoAeBDsT6IEEdGfcNjsSO4SbSmU1sjKpWElbfzBPGOf1WRri9lkRSYyRJ55vBwYEqUanhGnkNL65yNpQ=="
    }
  }
}
